
Microsoft Visual Studio Solution File, Format Version 12.00
# Visual Studio 15
VisualStudioVersion = 15.0.28307.572
MinimumVisualStudioVersion = 10.0.40219.1
Project("{FAE04EC0-301F-11D3-BF4B-00C04F79EFBC}") = "AsalOrigins.Android", "AsalOrigins\AsalOrigins.Android\AsalOrigins.Android.csproj", "{8220E183-6832-4E02-8875-ADDD0D6AF956}"
EndProject
Project("{FAE04EC0-301F-11D3-BF4B-00C04F79EFBC}") = "AsalOrigins.iOS", "AsalOrigins\AsalOrigins.iOS\AsalOrigins.iOS.csproj", "{84374744-F8E6-4DC8-9941-63DD4FB49478}"
EndProject
Project("{FAE04EC0-301F-11D3-BF4B-00C04F79EFBC}") = "AsalOrigins.UWP", "AsalOrigins\AsalOrigins.UWP\AsalOrigins.UWP.csproj", "{9BBBC263-70AE-416E-96B2-1D020FB596AC}"
EndProject
Project("{9A19103F-16F7-4668-BE54-9A1E7A4F7556}") = "AsalOrigins", "AsalOrigins\AsalOrigins\AsalOrigins.csproj", "{95F0D48C-A2A1-43CC-B407-1A15434AC2C9}"
EndProject
Global
	GlobalSection(SolutionConfigurationPlatforms) = preSolution
		Ad-Hoc|Any CPU = Ad-Hoc|Any CPU
		Ad-Hoc|ARM = Ad-Hoc|ARM
		Ad-Hoc|iPhone = Ad-Hoc|iPhone
		Ad-Hoc|iPhoneSimulator = Ad-Hoc|iPhoneSimulator
		Ad-Hoc|x64 = Ad-Hoc|x64
		Ad-Hoc|x86 = Ad-Hoc|x86
		AppStore|Any CPU = AppStore|Any CPU
		AppStore|ARM = AppStore|ARM
		AppStore|iPhone = AppStore|iPhone
		AppStore|iPhoneSimulator = AppStore|iPhoneSimulator
		AppStore|x64 = AppStore|x64
		AppStore|x86 = AppStore|x86
		Debug|Any CPU = Debug|Any CPU
		Debug|ARM = Debug|ARM
		Debug|iPhone = Debug|iPhone
		Debug|iPhoneSimulator = Debug|iPhoneSimulator
		Debug|x64 = Debug|x64
		Debug|x86 = Debug|x86
		Release|Any CPU = Release|Any CPU
		Release|ARM = Release|ARM
		Release|iPhone = Release|iPhone
		Release|iPhoneSimulator = Release|iPhoneSimulator
		Release|x64 = Release|x64
		Release|x86 = Release|x86
	EndGlobalSection
	GlobalSection(ProjectConfigurationPlatforms) = postSolution
		{8220E183-6832-4E02-8875-ADDD0D6AF956}.Ad-Hoc|Any CPU.ActiveCfg = Release|Any CPU
		{8220E183-6832-4E02-8875-ADDD0D6AF956}.Ad-Hoc|Any CPU.Build.0 = Release|Any CPU
		{8220E183-6832-4E02-8875-ADDD0D6AF956}.Ad-Hoc|Any CPU.Deploy.0 = Release|Any CPU
		{8220E183-6832-4E02-8875-ADDD0D6AF956}.Ad-Hoc|ARM.ActiveCfg = Release|Any CPU
		{8220E183-6832-4E02-8875-ADDD0D6AF956}.Ad-Hoc|ARM.Build.0 = Release|Any CPU
		{8220E183-6832-4E02-8875-ADDD0D6AF956}.Ad-Hoc|ARM.Deploy.0 = Release|Any CPU
		{8220E183-6832-4E02-8875-ADDD0D6AF956}.Ad-Hoc|iPhone.ActiveCfg = Release|Any CPU
		{8220E183-6832-4E02-8875-ADDD0D6AF956}.Ad-Hoc|iPhone.Build.0 = Release|Any CPU
		{8220E183-6832-4E02-8875-ADDD0D6AF956}.Ad-Hoc|iPhone.Deploy.0 = Release|Any CPU
		{8220E183-6832-4E02-8875-ADDD0D6AF956}.Ad-Hoc|iPhoneSimulator.ActiveCfg = Release|Any CPU
		{8220E183-6832-4E02-8875-ADDD0D6AF956}.Ad-Hoc|iPhoneSimulator.Build.0 = Release|Any CPU
		{8220E183-6832-4E02-8875-ADDD0D6AF956}.Ad-Hoc|iPhoneSimulator.Deploy.0 = Release|Any CPU
		{8220E183-6832-4E02-8875-ADDD0D6AF956}.Ad-Hoc|x64.ActiveCfg = Release|Any CPU
		{8220E183-6832-4E02-8875-ADDD0D6AF956}.Ad-Hoc|x64.Build.0 = Release|Any CPU
		{8220E183-6832-4E02-8875-ADDD0D6AF956}.Ad-Hoc|x64.Deploy.0 = Release|Any CPU
		{8220E183-6832-4E02-8875-ADDD0D6AF956}.Ad-Hoc|x86.ActiveCfg = Release|Any CPU
		{8220E183-6832-4E02-8875-ADDD0D6AF956}.Ad-Hoc|x86.Build.0 = Release|Any CPU
		{8220E183-6832-4E02-8875-ADDD0D6AF956}.Ad-Hoc|x86.Deploy.0 = Release|Any CPU
		{8220E183-6832-4E02-8875-ADDD0D6AF956}.AppStore|Any CPU.ActiveCfg = Release|Any CPU
		{8220E183-6832-4E02-8875-ADDD0D6AF956}.AppStore|Any CPU.Build.0 = Release|Any CPU
		{8220E183-6832-4E02-8875-ADDD0D6AF956}.AppStore|Any CPU.Deploy.0 = Release|Any CPU
		{8220E183-6832-4E02-8875-ADDD0D6AF956}.AppStore|ARM.ActiveCfg = Release|Any CPU
		{8220E183-6832-4E02-8875-ADDD0D6AF956}.AppStore|ARM.Build.0 = Release|Any CPU
		{8220E183-6832-4E02-8875-ADDD0D6AF956}.AppStore|ARM.Deploy.0 = Release|Any CPU
		{8220E183-6832-4E02-8875-ADDD0D6AF956}.AppStore|iPhone.ActiveCfg = Release|Any CPU
		{8220E183-6832-4E02-8875-ADDD0D6AF956}.AppStore|iPhone.Build.0 = Release|Any CPU
		{8220E183-6832-4E02-8875-ADDD0D6AF956}.AppStore|iPhone.Deploy.0 = Release|Any CPU
		{8220E183-6832-4E02-8875-ADDD0D6AF956}.AppStore|iPhoneSimulator.ActiveCfg = Release|Any CPU
		{8220E183-6832-4E02-8875-ADDD0D6AF956}.AppStore|iPhoneSimulator.Build.0 = Release|Any CPU
		{8220E183-6832-4E02-8875-ADDD0D6AF956}.AppStore|iPhoneSimulator.Deploy.0 = Release|Any CPU
		{8220E183-6832-4E02-8875-ADDD0D6AF956}.AppStore|x64.ActiveCfg = Release|Any CPU
		{8220E183-6832-4E02-8875-ADDD0D6AF956}.AppStore|x64.Build.0 = Release|Any CPU
		{8220E183-6832-4E02-8875-ADDD0D6AF956}.AppStore|x64.Deploy.0 = Release|Any CPU
		{8220E183-6832-4E02-8875-ADDD0D6AF956}.AppStore|x86.ActiveCfg = Release|Any CPU
		{8220E183-6832-4E02-8875-ADDD0D6AF956}.AppStore|x86.Build.0 = Release|Any CPU
		{8220E183-6832-4E02-8875-ADDD0D6AF956}.AppStore|x86.Deploy.0 = Release|Any CPU
		{8220E183-6832-4E02-8875-ADDD0D6AF956}.Debug|Any CPU.ActiveCfg = Debug|Any CPU
		{8220E183-6832-4E02-8875-ADDD0D6AF956}.Debug|Any CPU.Build.0 = Debug|Any CPU
		{8220E183-6832-4E02-8875-ADDD0D6AF956}.Debug|Any CPU.Deploy.0 = Debug|Any CPU
		{8220E183-6832-4E02-8875-ADDD0D6AF956}.Debug|ARM.ActiveCfg = Debug|Any CPU
		{8220E183-6832-4E02-8875-ADDD0D6AF956}.Debug|ARM.Build.0 = Debug|Any CPU
		{8220E183-6832-4E02-8875-ADDD0D6AF956}.Debug|ARM.Deploy.0 = Debug|Any CPU
		{8220E183-6832-4E02-8875-ADDD0D6AF956}.Debug|iPhone.ActiveCfg = Debug|Any CPU
		{8220E183-6832-4E02-8875-ADDD0D6AF956}.Debug|iPhone.Build.0 = Debug|Any CPU
		{8220E183-6832-4E02-8875-ADDD0D6AF956}.Debug|iPhone.Deploy.0 = Debug|Any CPU
		{8220E183-6832-4E02-8875-ADDD0D6AF956}.Debug|iPhoneSimulator.ActiveCfg = Debug|Any CPU
		{8220E183-6832-4E02-8875-ADDD0D6AF956}.Debug|iPhoneSimulator.Build.0 = Debug|Any CPU
		{8220E183-6832-4E02-8875-ADDD0D6AF956}.Debug|iPhoneSimulator.Deploy.0 = Debug|Any CPU
		{8220E183-6832-4E02-8875-ADDD0D6AF956}.Debug|x64.ActiveCfg = Debug|Any CPU
		{8220E183-6832-4E02-8875-ADDD0D6AF956}.Debug|x64.Build.0 = Debug|Any CPU
		{8220E183-6832-4E02-8875-ADDD0D6AF956}.Debug|x64.Deploy.0 = Debug|Any CPU
		{8220E183-6832-4E02-8875-ADDD0D6AF956}.Debug|x86.ActiveCfg = Debug|Any CPU
		{8220E183-6832-4E02-8875-ADDD0D6AF956}.Debug|x86.Build.0 = Debug|Any CPU
		{8220E183-6832-4E02-8875-ADDD0D6AF956}.Debug|x86.Deploy.0 = Debug|Any CPU
		{8220E183-6832-4E02-8875-ADDD0D6AF956}.Release|Any CPU.ActiveCfg = Release|Any CPU
		{8220E183-6832-4E02-8875-ADDD0D6AF956}.Release|Any CPU.Build.0 = Release|Any CPU
		{8220E183-6832-4E02-8875-ADDD0D6AF956}.Release|Any CPU.Deploy.0 = Release|Any CPU
		{8220E183-6832-4E02-8875-ADDD0D6AF956}.Release|ARM.ActiveCfg = Release|Any CPU
		{8220E183-6832-4E02-8875-ADDD0D6AF956}.Release|ARM.Build.0 = Release|Any CPU
		{8220E183-6832-4E02-8875-ADDD0D6AF956}.Release|ARM.Deploy.0 = Release|Any CPU
		{8220E183-6832-4E02-8875-ADDD0D6AF956}.Release|iPhone.ActiveCfg = Release|Any CPU
		{8220E183-6832-4E02-8875-ADDD0D6AF956}.Release|iPhone.Build.0 = Release|Any CPU
		{8220E183-6832-4E02-8875-ADDD0D6AF956}.Release|iPhone.Deploy.0 = Release|Any CPU
		{8220E183-6832-4E02-8875-ADDD0D6AF956}.Release|iPhoneSimulator.ActiveCfg = Release|Any CPU
		{8220E183-6832-4E02-8875-ADDD0D6AF956}.Release|iPhoneSimulator.Build.0 = Release|Any CPU
		{8220E183-6832-4E02-8875-ADDD0D6AF956}.Release|iPhoneSimulator.Deploy.0 = Release|Any CPU
		{8220E183-6832-4E02-8875-ADDD0D6AF956}.Release|x64.ActiveCfg = Release|Any CPU
		{8220E183-6832-4E02-8875-ADDD0D6AF956}.Release|x64.Build.0 = Release|Any CPU
		{8220E183-6832-4E02-8875-ADDD0D6AF956}.Release|x64.Deploy.0 = Release|Any CPU
		{8220E183-6832-4E02-8875-ADDD0D6AF956}.Release|x86.ActiveCfg = Release|Any CPU
		{8220E183-6832-4E02-8875-ADDD0D6AF956}.Release|x86.Build.0 = Release|Any CPU
		{8220E183-6832-4E02-8875-ADDD0D6AF956}.Release|x86.Deploy.0 = Release|Any CPU
		{84374744-F8E6-4DC8-9941-63DD4FB49478}.Ad-Hoc|Any CPU.ActiveCfg = Ad-Hoc|iPhone
		{84374744-F8E6-4DC8-9941-63DD4FB49478}.Ad-Hoc|Any CPU.Build.0 = Ad-Hoc|iPhone
		{84374744-F8E6-4DC8-9941-63DD4FB49478}.Ad-Hoc|Any CPU.Deploy.0 = Ad-Hoc|iPhone
		{84374744-F8E6-4DC8-9941-63DD4FB49478}.Ad-Hoc|ARM.ActiveCfg = Ad-Hoc|iPhone
		{84374744-F8E6-4DC8-9941-63DD4FB49478}.Ad-Hoc|ARM.Build.0 = Ad-Hoc|iPhone
		{84374744-F8E6-4DC8-9941-63DD4FB49478}.Ad-Hoc|ARM.Deploy.0 = Ad-Hoc|iPhone
		{84374744-F8E6-4DC8-9941-63DD4FB49478}.Ad-Hoc|iPhone.ActiveCfg = Ad-Hoc|iPhone
		{84374744-F8E6-4DC8-9941-63DD4FB49478}.Ad-Hoc|iPhone.Build.0 = Ad-Hoc|iPhone
		{84374744-F8E6-4DC8-9941-63DD4FB49478}.Ad-Hoc|iPhone.Deploy.0 = Ad-Hoc|iPhone
		{84374744-F8E6-4DC8-9941-63DD4FB49478}.Ad-Hoc|iPhoneSimulator.ActiveCfg = Ad-Hoc|iPhoneSimulator
		{84374744-F8E6-4DC8-9941-63DD4FB49478}.Ad-Hoc|iPhoneSimulator.Build.0 = Ad-Hoc|iPhoneSimulator
		{84374744-F8E6-4DC8-9941-63DD4FB49478}.Ad-Hoc|iPhoneSimulator.Deploy.0 = Ad-Hoc|iPhoneSimulator
		{84374744-F8E6-4DC8-9941-63DD4FB49478}.Ad-Hoc|x64.ActiveCfg = Ad-Hoc|iPhone
		{84374744-F8E6-4DC8-9941-63DD4FB49478}.Ad-Hoc|x64.Build.0 = Ad-Hoc|iPhone
		{84374744-F8E6-4DC8-9941-63DD4FB49478}.Ad-Hoc|x64.Deploy.0 = Ad-Hoc|iPhone
		{84374744-F8E6-4DC8-9941-63DD4FB49478}.Ad-Hoc|x86.ActiveCfg = Ad-Hoc|iPhone
		{84374744-F8E6-4DC8-9941-63DD4FB49478}.Ad-Hoc|x86.Build.0 = Ad-Hoc|iPhone
		{84374744-F8E6-4DC8-9941-63DD4FB49478}.Ad-Hoc|x86.Deploy.0 = Ad-Hoc|iPhone
		{84374744-F8E6-4DC8-9941-63DD4FB49478}.AppStore|Any CPU.ActiveCfg = AppStore|iPhone
		{84374744-F8E6-4DC8-9941-63DD4FB49478}.AppStore|Any CPU.Build.0 = AppStore|iPhone
		{84374744-F8E6-4DC8-9941-63DD4FB49478}.AppStore|Any CPU.Deploy.0 = AppStore|iPhone
		{84374744-F8E6-4DC8-9941-63DD4FB49478}.AppStore|ARM.ActiveCfg = AppStore|iPhone
		{84374744-F8E6-4DC8-9941-63DD4FB49478}.AppStore|ARM.Build.0 = AppStore|iPhone
		{84374744-F8E6-4DC8-9941-63DD4FB49478}.AppStore|ARM.Deploy.0 = AppStore|iPhone
		{84374744-F8E6-4DC8-9941-63DD4FB49478}.AppStore|iPhone.ActiveCfg = AppStore|iPhone
		{84374744-F8E6-4DC8-9941-63DD4FB49478}.AppStore|iPhone.Build.0 = AppStore|iPhone
		{84374744-F8E6-4DC8-9941-63DD4FB49478}.AppStore|iPhone.Deploy.0 = AppStore|iPhone
		{84374744-F8E6-4DC8-9941-63DD4FB49478}.AppStore|iPhoneSimulator.ActiveCfg = AppStore|iPhoneSimulator
		{84374744-F8E6-4DC8-9941-63DD4FB49478}.AppStore|iPhoneSimulator.Build.0 = AppStore|iPhoneSimulator
		{84374744-F8E6-4DC8-9941-63DD4FB49478}.AppStore|iPhoneSimulator.Deploy.0 = AppStore|iPhoneSimulator
		{84374744-F8E6-4DC8-9941-63DD4FB49478}.AppStore|x64.ActiveCfg = AppStore|iPhone
		{84374744-F8E6-4DC8-9941-63DD4FB49478}.AppStore|x64.Build.0 = AppStore|iPhone
		{84374744-F8E6-4DC8-9941-63DD4FB49478}.AppStore|x64.Deploy.0 = AppStore|iPhone
		{84374744-F8E6-4DC8-9941-63DD4FB49478}.AppStore|x86.ActiveCfg = AppStore|iPhone
		{84374744-F8E6-4DC8-9941-63DD4FB49478}.AppStore|x86.Build.0 = AppStore|iPhone
		{84374744-F8E6-4DC8-9941-63DD4FB49478}.AppStore|x86.Deploy.0 = AppStore|iPhone
		{84374744-F8E6-4DC8-9941-63DD4FB49478}.Debug|Any CPU.ActiveCfg = Debug|iPhoneSimulator
		{84374744-F8E6-4DC8-9941-63DD4FB49478}.Debug|Any CPU.Deploy.0 = Debug|iPhoneSimulator
		{84374744-F8E6-4DC8-9941-63DD4FB49478}.Debug|ARM.ActiveCfg = Debug|iPhone
		{84374744-F8E6-4DC8-9941-63DD4FB49478}.Debug|ARM.Build.0 = Debug|iPhone
		{84374744-F8E6-4DC8-9941-63DD4FB49478}.Debug|ARM.Deploy.0 = Debug|iPhone
		{84374744-F8E6-4DC8-9941-63DD4FB49478}.Debug|iPhone.ActiveCfg = Debug|iPhone
		{84374744-F8E6-4DC8-9941-63DD4FB49478}.Debug|iPhone.Build.0 = Debug|iPhone
		{84374744-F8E6-4DC8-9941-63DD4FB49478}.Debug|iPhone.Deploy.0 = Debug|iPhone
		{84374744-F8E6-4DC8-9941-63DD4FB49478}.Debug|iPhoneSimulator.ActiveCfg = Debug|iPhoneSimulator
		{84374744-F8E6-4DC8-9941-63DD4FB49478}.Debug|iPhoneSimulator.Build.0 = Debug|iPhoneSimulator
		{84374744-F8E6-4DC8-9941-63DD4FB49478}.Debug|iPhoneSimulator.Deploy.0 = Debug|iPhoneSimulator
		{84374744-F8E6-4DC8-9941-63DD4FB49478}.Debug|x64.ActiveCfg = Debug|iPhone
		{84374744-F8E6-4DC8-9941-63DD4FB49478}.Debug|x64.Build.0 = Debug|iPhone
		{84374744-F8E6-4DC8-9941-63DD4FB49478}.Debug|x64.Deploy.0 = Debug|iPhone
		{84374744-F8E6-4DC8-9941-63DD4FB49478}.Debug|x86.ActiveCfg = Debug|iPhone
		{84374744-F8E6-4DC8-9941-63DD4FB49478}.Debug|x86.Build.0 = Debug|iPhone
		{84374744-F8E6-4DC8-9941-63DD4FB49478}.Debug|x86.Deploy.0 = Debug|iPhone
		{84374744-F8E6-4DC8-9941-63DD4FB49478}.Release|Any CPU.ActiveCfg = Release|iPhone
		{84374744-F8E6-4DC8-9941-63DD4FB49478}.Release|Any CPU.Deploy.0 = Release|iPhone
		{84374744-F8E6-4DC8-9941-63DD4FB49478}.Release|ARM.ActiveCfg = Release|iPhone
		{84374744-F8E6-4DC8-9941-63DD4FB49478}.Release|ARM.Build.0 = Release|iPhone
		{84374744-F8E6-4DC8-9941-63DD4FB49478}.Release|ARM.Deploy.0 = Release|iPhone
		{84374744-F8E6-4DC8-9941-63DD4FB49478}.Release|iPhone.ActiveCfg = Release|iPhone
		{84374744-F8E6-4DC8-9941-63DD4FB49478}.Release|iPhone.Build.0 = Release|iPhone
		{84374744-F8E6-4DC8-9941-63DD4FB49478}.Release|iPhone.Deploy.0 = Release|iPhone
		{84374744-F8E6-4DC8-9941-63DD4FB49478}.Release|iPhoneSimulator.ActiveCfg = Release|iPhoneSimulator
		{84374744-F8E6-4DC8-9941-63DD4FB49478}.Release|iPhoneSimulator.Build.0 = Release|iPhoneSimulator
		{84374744-F8E6-4DC8-9941-63DD4FB49478}.Release|iPhoneSimulator.Deploy.0 = Release|iPhoneSimulator
		{84374744-F8E6-4DC8-9941-63DD4FB49478}.Release|x64.ActiveCfg = Release|iPhone
		{84374744-F8E6-4DC8-9941-63DD4FB49478}.Release|x64.Build.0 = Release|iPhone
		{84374744-F8E6-4DC8-9941-63DD4FB49478}.Release|x64.Deploy.0 = Release|iPhone
		{84374744-F8E6-4DC8-9941-63DD4FB49478}.Release|x86.ActiveCfg = Release|iPhone
		{84374744-F8E6-4DC8-9941-63DD4FB49478}.Release|x86.Build.0 = Release|iPhone
		{84374744-F8E6-4DC8-9941-63DD4FB49478}.Release|x86.Deploy.0 = Release|iPhone
		{9BBBC263-70AE-416E-96B2-1D020FB596AC}.Ad-Hoc|Any CPU.ActiveCfg = Release|x86
		{9BBBC263-70AE-416E-96B2-1D020FB596AC}.Ad-Hoc|Any CPU.Build.0 = Release|x86
		{9BBBC263-70AE-416E-96B2-1D020FB596AC}.Ad-Hoc|Any CPU.Deploy.0 = Release|x86
		{9BBBC263-70AE-416E-96B2-1D020FB596AC}.Ad-Hoc|ARM.ActiveCfg = Release|ARM
		{9BBBC263-70AE-416E-96B2-1D020FB596AC}.Ad-Hoc|ARM.Build.0 = Release|ARM
		{9BBBC263-70AE-416E-96B2-1D020FB596AC}.Ad-Hoc|ARM.Deploy.0 = Release|ARM
		{9BBBC263-70AE-416E-96B2-1D020FB596AC}.Ad-Hoc|iPhone.ActiveCfg = Release|x86
		{9BBBC263-70AE-416E-96B2-1D020FB596AC}.Ad-Hoc|iPhone.Build.0 = Release|x86
		{9BBBC263-70AE-416E-96B2-1D020FB596AC}.Ad-Hoc|iPhone.Deploy.0 = Release|x86
		{9BBBC263-70AE-416E-96B2-1D020FB596AC}.Ad-Hoc|iPhoneSimulator.ActiveCfg = Release|x86
		{9BBBC263-70AE-416E-96B2-1D020FB596AC}.Ad-Hoc|iPhoneSimulator.Build.0 = Release|x86
		{9BBBC263-70AE-416E-96B2-1D020FB596AC}.Ad-Hoc|iPhoneSimulator.Deploy.0 = Release|x86
		{9BBBC263-70AE-416E-96B2-1D020FB596AC}.Ad-Hoc|x64.ActiveCfg = Release|x64
		{9BBBC263-70AE-416E-96B2-1D020FB596AC}.Ad-Hoc|x64.Build.0 = Release|x64
		{9BBBC263-70AE-416E-96B2-1D020FB596AC}.Ad-Hoc|x64.Deploy.0 = Release|x64
		{9BBBC263-70AE-416E-96B2-1D020FB596AC}.Ad-Hoc|x86.ActiveCfg = Release|x86
		{9BBBC263-70AE-416E-96B2-1D020FB596AC}.Ad-Hoc|x86.Build.0 = Release|x86
		{9BBBC263-70AE-416E-96B2-1D020FB596AC}.Ad-Hoc|x86.Deploy.0 = Release|x86
		{9BBBC263-70AE-416E-96B2-1D020FB596AC}.AppStore|Any CPU.ActiveCfg = Release|x86
		{9BBBC263-70AE-416E-96B2-1D020FB596AC}.AppStore|Any CPU.Build.0 = Release|x86
		{9BBBC263-70AE-416E-96B2-1D020FB596AC}.AppStore|Any CPU.Deploy.0 = Release|x86
		{9BBBC263-70AE-416E-96B2-1D020FB596AC}.AppStore|ARM.ActiveCfg = Release|ARM
		{9BBBC263-70AE-416E-96B2-1D020FB596AC}.AppStore|ARM.Build.0 = Release|ARM
		{9BBBC263-70AE-416E-96B2-1D020FB596AC}.AppStore|ARM.Deploy.0 = Release|ARM
		{9BBBC263-70AE-416E-96B2-1D020FB596AC}.AppStore|iPhone.ActiveCfg = Release|x86
		{9BBBC263-70AE-416E-96B2-1D020FB596AC}.AppStore|iPhone.Build.0 = Release|x86
		{9BBBC263-70AE-416E-96B2-1D020FB596AC}.AppStore|iPhone.Deploy.0 = Release|x86
		{9BBBC263-70AE-416E-96B2-1D020FB596AC}.AppStore|iPhoneSimulator.ActiveCfg = Release|x86
		{9BBBC263-70AE-416E-96B2-1D020FB596AC}.AppStore|iPhoneSimulator.Build.0 = Release|x86
		{9BBBC263-70AE-416E-96B2-1D020FB596AC}.AppStore|iPhoneSimulator.Deploy.0 = Release|x86
		{9BBBC263-70AE-416E-96B2-1D020FB596AC}.AppStore|x64.ActiveCfg = Release|x64
		{9BBBC263-70AE-416E-96B2-1D020FB596AC}.AppStore|x64.Build.0 = Release|x64
		{9BBBC263-70AE-416E-96B2-1D020FB596AC}.AppStore|x64.Deploy.0 = Release|x64
		{9BBBC263-70AE-416E-96B2-1D020FB596AC}.AppStore|x86.ActiveCfg = Release|x86
		{9BBBC263-70AE-416E-96B2-1D020FB596AC}.AppStore|x86.Build.0 = Release|x86
		{9BBBC263-70AE-416E-96B2-1D020FB596AC}.AppStore|x86.Deploy.0 = Release|x86
		{9BBBC263-70AE-416E-96B2-1D020FB596AC}.Debug|Any CPU.ActiveCfg = Debug|x86
		{9BBBC263-70AE-416E-96B2-1D020FB596AC}.Debug|ARM.ActiveCfg = Debug|ARM
		{9BBBC263-70AE-416E-96B2-1D020FB596AC}.Debug|ARM.Build.0 = Debug|ARM
		{9BBBC263-70AE-416E-96B2-1D020FB596AC}.Debug|ARM.Deploy.0 = Debug|ARM
		{9BBBC263-70AE-416E-96B2-1D020FB596AC}.Debug|iPhone.ActiveCfg = Debug|x86
		{9BBBC263-70AE-416E-96B2-1D020FB596AC}.Debug|iPhone.Build.0 = Debug|x86
		{9BBBC263-70AE-416E-96B2-1D020FB596AC}.Debug|iPhone.Deploy.0 = Debug|x86
		{9BBBC263-70AE-416E-96B2-1D020FB596AC}.Debug|iPhoneSimulator.ActiveCfg = Debug|x86
		{9BBBC263-70AE-416E-96B2-1D020FB596AC}.Debug|iPhoneSimulator.Build.0 = Debug|x86
		{9BBBC263-70AE-416E-96B2-1D020FB596AC}.Debug|iPhoneSimulator.Deploy.0 = Debug|x86
		{9BBBC263-70AE-416E-96B2-1D020FB596AC}.Debug|x64.ActiveCfg = Debug|x64
		{9BBBC263-70AE-416E-96B2-1D020FB596AC}.Debug|x64.Build.0 = Debug|x64
		{9BBBC263-70AE-416E-96B2-1D020FB596AC}.Debug|x64.Deploy.0 = Debug|x64
		{9BBBC263-70AE-416E-96B2-1D020FB596AC}.Debug|x86.ActiveCfg = Debug|x86
		{9BBBC263-70AE-416E-96B2-1D020FB596AC}.Debug|x86.Build.0 = Debug|x86
		{9BBBC263-70AE-416E-96B2-1D020FB596AC}.Debug|x86.Deploy.0 = Debug|x86
		{9BBBC263-70AE-416E-96B2-1D020FB596AC}.Release|Any CPU.ActiveCfg = Release|x86
		{9BBBC263-70AE-416E-96B2-1D020FB596AC}.Release|Any CPU.Build.0 = Release|x86
		{9BBBC263-70AE-416E-96B2-1D020FB596AC}.Release|ARM.ActiveCfg = Release|ARM
		{9BBBC263-70AE-416E-96B2-1D020FB596AC}.Release|ARM.Build.0 = Release|ARM
		{9BBBC263-70AE-416E-96B2-1D020FB596AC}.Release|ARM.Deploy.0 = Release|ARM
		{9BBBC263-70AE-416E-96B2-1D020FB596AC}.Release|iPhone.ActiveCfg = Release|x86
		{9BBBC263-70AE-416E-96B2-1D020FB596AC}.Release|iPhone.Build.0 = Release|x86
		{9BBBC263-70AE-416E-96B2-1D020FB596AC}.Release|iPhone.Deploy.0 = Release|x86
		{9BBBC263-70AE-416E-96B2-1D020FB596AC}.Release|iPhoneSimulator.ActiveCfg = Release|x86
		{9BBBC263-70AE-416E-96B2-1D020FB596AC}.Release|iPhoneSimulator.Build.0 = Release|x86
		{9BBBC263-70AE-416E-96B2-1D020FB596AC}.Release|iPhoneSimulator.Deploy.0 = Release|x86
		{9BBBC263-70AE-416E-96B2-1D020FB596AC}.Release|x64.ActiveCfg = Release|x64
		{9BBBC263-70AE-416E-96B2-1D020FB596AC}.Release|x64.Build.0 = Release|x64
		{9BBBC263-70AE-416E-96B2-1D020FB596AC}.Release|x64.Deploy.0 = Release|x64
		{9BBBC263-70AE-416E-96B2-1D020FB596AC}.Release|x86.ActiveCfg = Release|x86
		{9BBBC263-70AE-416E-96B2-1D020FB596AC}.Release|x86.Build.0 = Release|x86
		{9BBBC263-70AE-416E-96B2-1D020FB596AC}.Release|x86.Deploy.0 = Release|x86
		{95F0D48C-A2A1-43CC-B407-1A15434AC2C9}.Ad-Hoc|Any CPU.ActiveCfg = Debug|Any CPU
		{95F0D48C-A2A1-43CC-B407-1A15434AC2C9}.Ad-Hoc|Any CPU.Build.0 = Debug|Any CPU
		{95F0D48C-A2A1-43CC-B407-1A15434AC2C9}.Ad-Hoc|Any CPU.Deploy.0 = Debug|Any CPU
		{95F0D48C-A2A1-43CC-B407-1A15434AC2C9}.Ad-Hoc|ARM.ActiveCfg = Debug|Any CPU
		{95F0D48C-A2A1-43CC-B407-1A15434AC2C9}.Ad-Hoc|ARM.Build.0 = Debug|Any CPU
		{95F0D48C-A2A1-43CC-B407-1A15434AC2C9}.Ad-Hoc|ARM.Deploy.0 = Debug|Any CPU
		{95F0D48C-A2A1-43CC-B407-1A15434AC2C9}.Ad-Hoc|iPhone.ActiveCfg = Debug|Any CPU
		{95F0D48C-A2A1-43CC-B407-1A15434AC2C9}.Ad-Hoc|iPhone.Build.0 = Debug|Any CPU
		{95F0D48C-A2A1-43CC-B407-1A15434AC2C9}.Ad-Hoc|iPhone.Deploy.0 = Debug|Any CPU
		{95F0D48C-A2A1-43CC-B407-1A15434AC2C9}.Ad-Hoc|iPhoneSimulator.ActiveCfg = Debug|Any CPU
		{95F0D48C-A2A1-43CC-B407-1A15434AC2C9}.Ad-Hoc|iPhoneSimulator.Build.0 = Debug|Any CPU
		{95F0D48C-A2A1-43CC-B407-1A15434AC2C9}.Ad-Hoc|iPhoneSimulator.Deploy.0 = Debug|Any CPU
		{95F0D48C-A2A1-43CC-B407-1A15434AC2C9}.Ad-Hoc|x64.ActiveCfg = Debug|Any CPU
		{95F0D48C-A2A1-43CC-B407-1A15434AC2C9}.Ad-Hoc|x64.Build.0 = Debug|Any CPU
		{95F0D48C-A2A1-43CC-B407-1A15434AC2C9}.Ad-Hoc|x64.Deploy.0 = Debug|Any CPU
		{95F0D48C-A2A1-43CC-B407-1A15434AC2C9}.Ad-Hoc|x86.ActiveCfg = Debug|Any CPU
		{95F0D48C-A2A1-43CC-B407-1A15434AC2C9}.Ad-Hoc|x86.Build.0 = Debug|Any CPU
		{95F0D48C-A2A1-43CC-B407-1A15434AC2C9}.Ad-Hoc|x86.Deploy.0 = Debug|Any CPU
		{95F0D48C-A2A1-43CC-B407-1A15434AC2C9}.AppStore|Any CPU.ActiveCfg = Debug|Any CPU
		{95F0D48C-A2A1-43CC-B407-1A15434AC2C9}.AppStore|Any CPU.Build.0 = Debug|Any CPU
		{95F0D48C-A2A1-43CC-B407-1A15434AC2C9}.AppStore|Any CPU.Deploy.0 = Debug|Any CPU
		{95F0D48C-A2A1-43CC-B407-1A15434AC2C9}.AppStore|ARM.ActiveCfg = Debug|Any CPU
		{95F0D48C-A2A1-43CC-B407-1A15434AC2C9}.AppStore|ARM.Build.0 = Debug|Any CPU
		{95F0D48C-A2A1-43CC-B407-1A15434AC2C9}.AppStore|ARM.Deploy.0 = Debug|Any CPU
		{95F0D48C-A2A1-43CC-B407-1A15434AC2C9}.AppStore|iPhone.ActiveCfg = Debug|Any CPU
		{95F0D48C-A2A1-43CC-B407-1A15434AC2C9}.AppStore|iPhone.Build.0 = Debug|Any CPU
		{95F0D48C-A2A1-43CC-B407-1A15434AC2C9}.AppStore|iPhone.Deploy.0 = Debug|Any CPU
		{95F0D48C-A2A1-43CC-B407-1A15434AC2C9}.AppStore|iPhoneSimulator.ActiveCfg = Debug|Any CPU
		{95F0D48C-A2A1-43CC-B407-1A15434AC2C9}.AppStore|iPhoneSimulator.Build.0 = Debug|Any CPU
		{95F0D48C-A2A1-43CC-B407-1A15434AC2C9}.AppStore|iPhoneSimulator.Deploy.0 = Debug|Any CPU
		{95F0D48C-A2A1-43CC-B407-1A15434AC2C9}.AppStore|x64.ActiveCfg = Debug|Any CPU
		{95F0D48C-A2A1-43CC-B407-1A15434AC2C9}.AppStore|x64.Build.0 = Debug|Any CPU
		{95F0D48C-A2A1-43CC-B407-1A15434AC2C9}.AppStore|x64.Deploy.0 = Debug|Any CPU
		{95F0D48C-A2A1-43CC-B407-1A15434AC2C9}.AppStore|x86.ActiveCfg = Debug|Any CPU
		{95F0D48C-A2A1-43CC-B407-1A15434AC2C9}.AppStore|x86.Build.0 = Debug|Any CPU
		{95F0D48C-A2A1-43CC-B407-1A15434AC2C9}.AppStore|x86.Deploy.0 = Debug|Any CPU
		{95F0D48C-A2A1-43CC-B407-1A15434AC2C9}.Debug|Any CPU.ActiveCfg = Debug|Any CPU
		{95F0D48C-A2A1-43CC-B407-1A15434AC2C9}.Debug|Any CPU.Build.0 = Debug|Any CPU
		{95F0D48C-A2A1-43CC-B407-1A15434AC2C9}.Debug|Any CPU.Deploy.0 = Debug|Any CPU
		{95F0D48C-A2A1-43CC-B407-1A15434AC2C9}.Debug|ARM.ActiveCfg = Debug|Any CPU
		{95F0D48C-A2A1-43CC-B407-1A15434AC2C9}.Debug|ARM.Build.0 = Debug|Any CPU
		{95F0D48C-A2A1-43CC-B407-1A15434AC2C9}.Debug|ARM.Deploy.0 = Debug|Any CPU
		{95F0D48C-A2A1-43CC-B407-1A15434AC2C9}.Debug|iPhone.ActiveCfg = Debug|Any CPU
		{95F0D48C-A2A1-43CC-B407-1A15434AC2C9}.Debug|iPhone.Build.0 = Debug|Any CPU
		{95F0D48C-A2A1-43CC-B407-1A15434AC2C9}.Debug|iPhone.Deploy.0 = Debug|Any CPU
		{95F0D48C-A2A1-43CC-B407-1A15434AC2C9}.Debug|iPhoneSimulator.ActiveCfg = Debug|Any CPU
		{95F0D48C-A2A1-43CC-B407-1A15434AC2C9}.Debug|iPhoneSimulator.Build.0 = Debug|Any CPU
		{95F0D48C-A2A1-43CC-B407-1A15434AC2C9}.Debug|iPhoneSimulator.Deploy.0 = Debug|Any CPU
		{95F0D48C-A2A1-43CC-B407-1A15434AC2C9}.Debug|x64.ActiveCfg = Debug|Any CPU
		{95F0D48C-A2A1-43CC-B407-1A15434AC2C9}.Debug|x64.Build.0 = Debug|Any CPU
		{95F0D48C-A2A1-43CC-B407-1A15434AC2C9}.Debug|x64.Deploy.0 = Debug|Any CPU
		{95F0D48C-A2A1-43CC-B407-1A15434AC2C9}.Debug|x86.ActiveCfg = Debug|Any CPU
		{95F0D48C-A2A1-43CC-B407-1A15434AC2C9}.Debug|x86.Build.0 = Debug|Any CPU
		{95F0D48C-A2A1-43CC-B407-1A15434AC2C9}.Debug|x86.Deploy.0 = Debug|Any CPU
		{95F0D48C-A2A1-43CC-B407-1A15434AC2C9}.Release|Any CPU.ActiveCfg = Release|Any CPU
		{95F0D48C-A2A1-43CC-B407-1A15434AC2C9}.Release|Any CPU.Build.0 = Release|Any CPU
		{95F0D48C-A2A1-43CC-B407-1A15434AC2C9}.Release|Any CPU.Deploy.0 = Release|Any CPU
		{95F0D48C-A2A1-43CC-B407-1A15434AC2C9}.Release|ARM.ActiveCfg = Release|Any CPU
		{95F0D48C-A2A1-43CC-B407-1A15434AC2C9}.Release|ARM.Build.0 = Release|Any CPU
		{95F0D48C-A2A1-43CC-B407-1A15434AC2C9}.Release|ARM.Deploy.0 = Release|Any CPU
		{95F0D48C-A2A1-43CC-B407-1A15434AC2C9}.Release|iPhone.ActiveCfg = Release|Any CPU
		{95F0D48C-A2A1-43CC-B407-1A15434AC2C9}.Release|iPhone.Build.0 = Release|Any CPU
		{95F0D48C-A2A1-43CC-B407-1A15434AC2C9}.Release|iPhone.Deploy.0 = Release|Any CPU
		{95F0D48C-A2A1-43CC-B407-1A15434AC2C9}.Release|iPhoneSimulator.ActiveCfg = Release|Any CPU
		{95F0D48C-A2A1-43CC-B407-1A15434AC2C9}.Release|iPhoneSimulator.Build.0 = Release|Any CPU
		{95F0D48C-A2A1-43CC-B407-1A15434AC2C9}.Release|iPhoneSimulator.Deploy.0 = Release|Any CPU
		{95F0D48C-A2A1-43CC-B407-1A15434AC2C9}.Release|x64.ActiveCfg = Release|Any CPU
		{95F0D48C-A2A1-43CC-B407-1A15434AC2C9}.Release|x64.Build.0 = Release|Any CPU
		{95F0D48C-A2A1-43CC-B407-1A15434AC2C9}.Release|x64.Deploy.0 = Release|Any CPU
		{95F0D48C-A2A1-43CC-B407-1A15434AC2C9}.Release|x86.ActiveCfg = Release|Any CPU
		{95F0D48C-A2A1-43CC-B407-1A15434AC2C9}.Release|x86.Build.0 = Release|Any CPU
		{95F0D48C-A2A1-43CC-B407-1A15434AC2C9}.Release|x86.Deploy.0 = Release|Any CPU
	EndGlobalSection
	GlobalSection(SolutionProperties) = preSolution
		HideSolutionNode = FALSE
	EndGlobalSection
	GlobalSection(ExtensibilityGlobals) = postSolution
		SolutionGuid = {BF48D27B-D3B8-4479-A359-0194826701D5}
	EndGlobalSection
EndGlobal
